# This file is autogenerated, do not edit; changes may be undone by the next 'dep ensure'.


[[projects]]
  branch = "master"
  name = "github.com/vkuznet/x509proxy"
  packages = ["."]
  revision = "b4622388b3a347c8df75b6e944e9d2a580acee60"

[[projects]]
  branch = "master"
  name = "golang.org/x/net"
  packages = ["http2","http2/hpack","idna","lex/httplex"]
  revision = "1c05540f6879653db88113bc4a2b70aec4bd491f"

[[projects]]
  branch = "master"
  name = "golang.org/x/text"
  packages = ["internal/gen","internal/triegen","internal/ucd","secure/bidirule","transform","unicode/bidi","unicode/cldr","unicode/norm","unicode/rangetable"]
  revision = "e56139fd9c5bc7244c76116c68e500765bb6db6b"

[solve-meta]
  analyzer-name = "dep"
  analyzer-version = 1
  inputs-digest = "0d9c40b2a8509e4ffe93fd1da9e40ff0211662ef511ac4577eaeeae44659e079"
  solver-name = "gps-cdcl"
  solver-version = 1
